
Microsoft Visual Studio Solution File, Format Version 12.00
# Visual Studio 15
VisualStudioVersion = 15.0.27130.2010
MinimumVisualStudioVersion = 10.0.40219.1
Project("{9A19103F-16F7-4668-BE54-9A1E7A4F7556}") = "Com.Danliris.Service.Merchandiser.WebApi", "Com.Danliris.Service.Merchandise.WebApi\Com.Danliris.Service.Merchandiser.WebApi.csproj", "{90A62D33-C5C8-4D3C-84C9-6DC36B60EBFA}"
EndProject
Project("{9A19103F-16F7-4668-BE54-9A1E7A4F7556}") = "Com.Danliris.Service.Merchandiser.Lib", "Com.Danliris.Service.Merchandise.Lib\Com.Danliris.Service.Merchandiser.Lib.csproj", "{C19E345F-73D7-43F1-96C0-94A54E1DB6D2}"
EndProject
Project("{FAE04EC0-301F-11D3-BF4B-00C04F79EFBC}") = "Com.Danliris.Service.Merchandiser.Test", "Com.Danliris.Service.Merchandiser.Test\Com.Danliris.Service.Merchandiser.Test.csproj", "{B63884AE-D0B9-4FE8-8BC2-D01D9160B4A0}"
EndProject
Global
	GlobalSection(SolutionConfigurationPlatforms) = preSolution
		Debug|Any CPU = Debug|Any CPU
		Release|Any CPU = Release|Any CPU
	EndGlobalSection
	GlobalSection(ProjectConfigurationPlatforms) = postSolution
		{90A62D33-C5C8-4D3C-84C9-6DC36B60EBFA}.Debug|Any CPU.ActiveCfg = Debug|Any CPU
		{90A62D33-C5C8-4D3C-84C9-6DC36B60EBFA}.Debug|Any CPU.Build.0 = Debug|Any CPU
		{90A62D33-C5C8-4D3C-84C9-6DC36B60EBFA}.Release|Any CPU.ActiveCfg = Release|Any CPU
		{90A62D33-C5C8-4D3C-84C9-6DC36B60EBFA}.Release|Any CPU.Build.0 = Release|Any CPU
		{C19E345F-73D7-43F1-96C0-94A54E1DB6D2}.Debug|Any CPU.ActiveCfg = Debug|Any CPU
		{C19E345F-73D7-43F1-96C0-94A54E1DB6D2}.Debug|Any CPU.Build.0 = Debug|Any CPU
		{C19E345F-73D7-43F1-96C0-94A54E1DB6D2}.Release|Any CPU.ActiveCfg = Release|Any CPU
		{C19E345F-73D7-43F1-96C0-94A54E1DB6D2}.Release|Any CPU.Build.0 = Release|Any CPU
		{B63884AE-D0B9-4FE8-8BC2-D01D9160B4A0}.Debug|Any CPU.ActiveCfg = Debug|Any CPU
		{B63884AE-D0B9-4FE8-8BC2-D01D9160B4A0}.Debug|Any CPU.Build.0 = Debug|Any CPU
		{B63884AE-D0B9-4FE8-8BC2-D01D9160B4A0}.Release|Any CPU.ActiveCfg = Release|Any CPU
		{B63884AE-D0B9-4FE8-8BC2-D01D9160B4A0}.Release|Any CPU.Build.0 = Release|Any CPU
	EndGlobalSection
	GlobalSection(SolutionProperties) = preSolution
		HideSolutionNode = FALSE
	EndGlobalSection
	GlobalSection(ExtensibilityGlobals) = postSolution
		SolutionGuid = {0C310C0A-8665-4D45-8015-3F52F9C86117}
	EndGlobalSection
EndGlobal
